
Microsoft Visual Studio Solution File, Format Version 12.00
# Visual Studio 15
VisualStudioVersion = 15.0.27703.2018
MinimumVisualStudioVersion = 10.0.40219.1
Project("{2150E333-8FDC-42A3-9474-1A3956D46DE8}") = "01 - Services", "01 - Services", "{5C62559F-2447-4A2A-AE1D-4F78A2E58BBC}"
EndProject
Project("{2150E333-8FDC-42A3-9474-1A3956D46DE8}") = "02 - Application", "02 - Application", "{F221F953-2B6B-49B5-9E90-5F40460798A2}"
EndProject
Project("{2150E333-8FDC-42A3-9474-1A3956D46DE8}") = "03 - Domain", "03 - Domain", "{4DA81278-9D6C-4EFD-A848-E682784F45AC}"
EndProject
Project("{2150E333-8FDC-42A3-9474-1A3956D46DE8}") = "04 - Infra", "04 - Infra", "{DED49DB7-57E1-4DD6-AF10-CBE68FA5A675}"
EndProject
Project("{2150E333-8FDC-42A3-9474-1A3956D46DE8}") = "04.1 - Data", "04.1 - Data", "{33356656-819C-4710-A4E5-D79F414F4B33}"
EndProject
Project("{2150E333-8FDC-42A3-9474-1A3956D46DE8}") = "04.2 - CrossCutting", "04.2 - CrossCutting", "{2581C4BA-B81B-4135-8D60-3E90E1FFF3A9}"
EndProject
Project("{FAE04EC0-301F-11D3-BF4B-00C04F79EFBC}") = "AmigoProximo.Domain", "AmigoProximo.Domain\AmigoProximo.Domain.csproj", "{8BF397B5-3BA0-4F6A-BAAB-18A2709BF0A9}"
EndProject
Project("{2150E333-8FDC-42A3-9474-1A3956D46DE8}") = "01.1 - WebAPI", "01.1 - WebAPI", "{57872039-D455-4A9F-B7A6-3072DF669C63}"
EndProject
Project("{FAE04EC0-301F-11D3-BF4B-00C04F79EFBC}") = "AmigoProximo.Application", "AmigoProximo.Application\AmigoProximo.Application.csproj", "{4AB0B67A-1309-4A9B-A500-56DD673B6672}"
EndProject
Project("{FAE04EC0-301F-11D3-BF4B-00C04F79EFBC}") = "AmigoProximo.Infra.Data", "AmigoProximo.Infra.Data\AmigoProximo.Infra.Data.csproj", "{52B361E8-7971-404D-A53E-328B031B9BDB}"
EndProject
Project("{2150E333-8FDC-42A3-9474-1A3956D46DE8}") = "04.2.1 - IoC", "04.2.1 - IoC", "{DA5AF51B-82C8-48D6-AA8B-C36B88A68741}"
EndProject
Project("{FAE04EC0-301F-11D3-BF4B-00C04F79EFBC}") = "AmigoProximo.Infra.CrossCutting.IoC", "AmigoProximo.Infra.CrossCutting.IoC\AmigoProximo.Infra.CrossCutting.IoC.csproj", "{C10FA380-F387-488B-8214-CE53C1CB6942}"
EndProject
Project("{FAE04EC0-301F-11D3-BF4B-00C04F79EFBC}") = "AmigoProximo.WebAPI", "AmigoProximo.WebAPI\AmigoProximo.WebAPI.csproj", "{0F6A892E-850C-4C0B-B137-49D47A4ACD83}"
EndProject
Global
	GlobalSection(SolutionConfigurationPlatforms) = preSolution
		Debug|Any CPU = Debug|Any CPU
		Release|Any CPU = Release|Any CPU
	EndGlobalSection
	GlobalSection(ProjectConfigurationPlatforms) = postSolution
		{8BF397B5-3BA0-4F6A-BAAB-18A2709BF0A9}.Debug|Any CPU.ActiveCfg = Debug|Any CPU
		{8BF397B5-3BA0-4F6A-BAAB-18A2709BF0A9}.Debug|Any CPU.Build.0 = Debug|Any CPU
		{8BF397B5-3BA0-4F6A-BAAB-18A2709BF0A9}.Release|Any CPU.ActiveCfg = Release|Any CPU
		{8BF397B5-3BA0-4F6A-BAAB-18A2709BF0A9}.Release|Any CPU.Build.0 = Release|Any CPU
		{4AB0B67A-1309-4A9B-A500-56DD673B6672}.Debug|Any CPU.ActiveCfg = Debug|Any CPU
		{4AB0B67A-1309-4A9B-A500-56DD673B6672}.Debug|Any CPU.Build.0 = Debug|Any CPU
		{4AB0B67A-1309-4A9B-A500-56DD673B6672}.Release|Any CPU.ActiveCfg = Release|Any CPU
		{4AB0B67A-1309-4A9B-A500-56DD673B6672}.Release|Any CPU.Build.0 = Release|Any CPU
		{52B361E8-7971-404D-A53E-328B031B9BDB}.Debug|Any CPU.ActiveCfg = Debug|Any CPU
		{52B361E8-7971-404D-A53E-328B031B9BDB}.Debug|Any CPU.Build.0 = Debug|Any CPU
		{52B361E8-7971-404D-A53E-328B031B9BDB}.Release|Any CPU.ActiveCfg = Release|Any CPU
		{52B361E8-7971-404D-A53E-328B031B9BDB}.Release|Any CPU.Build.0 = Release|Any CPU
		{C10FA380-F387-488B-8214-CE53C1CB6942}.Debug|Any CPU.ActiveCfg = Debug|Any CPU
		{C10FA380-F387-488B-8214-CE53C1CB6942}.Debug|Any CPU.Build.0 = Debug|Any CPU
		{C10FA380-F387-488B-8214-CE53C1CB6942}.Release|Any CPU.ActiveCfg = Release|Any CPU
		{C10FA380-F387-488B-8214-CE53C1CB6942}.Release|Any CPU.Build.0 = Release|Any CPU
		{0F6A892E-850C-4C0B-B137-49D47A4ACD83}.Debug|Any CPU.ActiveCfg = Debug|Any CPU
		{0F6A892E-850C-4C0B-B137-49D47A4ACD83}.Debug|Any CPU.Build.0 = Debug|Any CPU
		{0F6A892E-850C-4C0B-B137-49D47A4ACD83}.Release|Any CPU.ActiveCfg = Release|Any CPU
		{0F6A892E-850C-4C0B-B137-49D47A4ACD83}.Release|Any CPU.Build.0 = Release|Any CPU
	EndGlobalSection
	GlobalSection(SolutionProperties) = preSolution
		HideSolutionNode = FALSE
	EndGlobalSection
	GlobalSection(NestedProjects) = preSolution
		{33356656-819C-4710-A4E5-D79F414F4B33} = {DED49DB7-57E1-4DD6-AF10-CBE68FA5A675}
		{2581C4BA-B81B-4135-8D60-3E90E1FFF3A9} = {DED49DB7-57E1-4DD6-AF10-CBE68FA5A675}
		{8BF397B5-3BA0-4F6A-BAAB-18A2709BF0A9} = {4DA81278-9D6C-4EFD-A848-E682784F45AC}
		{57872039-D455-4A9F-B7A6-3072DF669C63} = {5C62559F-2447-4A2A-AE1D-4F78A2E58BBC}
		{4AB0B67A-1309-4A9B-A500-56DD673B6672} = {F221F953-2B6B-49B5-9E90-5F40460798A2}
		{52B361E8-7971-404D-A53E-328B031B9BDB} = {33356656-819C-4710-A4E5-D79F414F4B33}
		{DA5AF51B-82C8-48D6-AA8B-C36B88A68741} = {2581C4BA-B81B-4135-8D60-3E90E1FFF3A9}
		{C10FA380-F387-488B-8214-CE53C1CB6942} = {DA5AF51B-82C8-48D6-AA8B-C36B88A68741}
		{0F6A892E-850C-4C0B-B137-49D47A4ACD83} = {57872039-D455-4A9F-B7A6-3072DF669C63}
	EndGlobalSection
	GlobalSection(ExtensibilityGlobals) = postSolution
		SolutionGuid = {8A7B4F24-801E-4C77-B549-8923A133FD64}
	EndGlobalSection
EndGlobal
